
Microsoft Visual Studio Solution File, Format Version 12.00
# Visual Studio Version 17
VisualStudioVersion = 17.1.32210.238
MinimumVisualStudioVersion = 10.0.40219.1
Project("{FAE04EC0-301F-11D3-BF4B-00C04F79EFBC}") = "AspWebApi", "AspWebApi\AspWebApi.csproj", "{0D8DE438-ACB5-48B4-89F3-1A37C728CD65}"
EndProject
Project("{9A19103F-16F7-4668-BE54-9A1E7A4F7556}") = "AspNetMvc", "..\AspNetMvc\AspNetMvc.csproj", "{56573C85-EBD7-4F78-A141-25A0CA4184A9}"
EndProject
Global
	GlobalSection(SolutionConfigurationPlatforms) = preSolution
		Debug|Any CPU = Debug|Any CPU
		Release|Any CPU = Release|Any CPU
	EndGlobalSection
	GlobalSection(ProjectConfigurationPlatforms) = postSolution
		{0D8DE438-ACB5-48B4-89F3-1A37C728CD65}.Debug|Any CPU.ActiveCfg = Debug|Any CPU
		{0D8DE438-ACB5-48B4-89F3-1A37C728CD65}.Debug|Any CPU.Build.0 = Debug|Any CPU
		{0D8DE438-ACB5-48B4-89F3-1A37C728CD65}.Release|Any CPU.ActiveCfg = Release|Any CPU
		{0D8DE438-ACB5-48B4-89F3-1A37C728CD65}.Release|Any CPU.Build.0 = Release|Any CPU
		{56573C85-EBD7-4F78-A141-25A0CA4184A9}.Debug|Any CPU.ActiveCfg = Debug|Any CPU
		{56573C85-EBD7-4F78-A141-25A0CA4184A9}.Debug|Any CPU.Build.0 = Debug|Any CPU
		{56573C85-EBD7-4F78-A141-25A0CA4184A9}.Release|Any CPU.ActiveCfg = Release|Any CPU
		{56573C85-EBD7-4F78-A141-25A0CA4184A9}.Release|Any CPU.Build.0 = Release|Any CPU
	EndGlobalSection
	GlobalSection(SolutionProperties) = preSolution
		HideSolutionNode = FALSE
	EndGlobalSection
	GlobalSection(ExtensibilityGlobals) = postSolution
		SolutionGuid = {968E8933-0010-45A8-A2EB-3D61F0D5BDD2}
	EndGlobalSection
EndGlobal
